lockfileVersion: '9.0'

settings:
  autoInstallPeers: true
  excludeLinksFromLockfile: false

importers:

  .:
    dependencies:
      commander:
        specifier: ^14.0.0
        version: 14.0.1

packages:

  commander@14.0.1:
    resolution: {integrity: sha512-2JkV3gUZUVrbNA+1sjBOYLsMZ5cEEl8GTFP2a4AVz5hvasAMCQ1D2l2le/cX+pV4N6ZU17zjUahLpIXRrnWL8A==}
    engines: {node: '>=20'}

snapshots:

  commander@14.0.1: {}
